// !$*UTF8*$!
{
	archiveVersion = 1;
	classes = {
	};
	objectVersion = 56;
	objects = {

/* Begin PBXBuildFile section */
		B03D70922BCCFE9900EF97CD /* ble_hubApp.swift in Sources */ = {isa = PBXBuildFile; fileRef = B03D70912BCCFE9900EF97CD /* ble_hubApp.swift */; };
		B03D70942BCCFE9900EF97CD /* ContentView.swift in Sources */ = {isa = PBXBuildFile; fileRef = B03D70932BCCFE9900EF97CD /* ContentView.swift */; };
		B03D70962BCCFE9A00EF97CD /* Assets.xcassets in Resources */ = {isa = PBXBuildFile; fileRef = B03D70952BCCFE9A00EF97CD /* Assets.xcassets */; };
		B03D70992BCCFE9A00EF97CD /* Preview Assets.xcassets in Resources */ = {isa = PBXBuildFile; fileRef = B03D70982BCCFE9A00EF97CD /* Preview Assets.xcassets */; };
		B03D70A42BCCFE9A00EF97CD /* ble_hubTests.swift in Sources */ = {isa = PBXBuildFile; fileRef = B03D70A32BCCFE9A00EF97CD /* ble_hubTests.swift */; };
		B03D70AE2BCCFE9A00EF97CD /* ble_hubUITests.swift in Sources */ = {isa = PBXBuildFile; fileRef = B03D70AD2BCCFE9A00EF97CD /* ble_hubUITests.swift */; };
		B03D70B02BCCFE9A00EF97CD /* ble_hubUITestsLaunchTests.swift in Sources */ = {isa = PBXBuildFile; fileRef = B03D70AF2BCCFE9A00EF97CD /* ble_hubUITestsLaunchTests.swift */; };
		B03D70BE2BCCFEA600EF97CD /* CoreBluetooth.framework in Frameworks */ = {isa = PBXBuildFile; fileRef = B03D70BD2BCCFEA600EF97CD /* CoreBluetooth.framework */; };
		B03D70C32BCD026E00EF97CD /* BluetoothManager.swift in Sources */ = {isa = PBXBuildFile; fileRef = B03D70C22BCD026E00EF97CD /* BluetoothManager.swift */; };
		B08461FC2BD53B220046A84B /* UrlHandler.swift in Sources */ = {isa = PBXBuildFile; fileRef = B08461FB2BD53B220046A84B /* UrlHandler.swift */; };
/* End PBXBuildFile section */

/* Begin PBXContainerItemProxy section */
		B03D70A02BCCFE9A00EF97CD /* PBXContainerItemProxy */ = {
			isa = PBXContainerItemProxy;
			containerPortal = B03D70862BCCFE9900EF97CD /* Project object */;
			proxyType = 1;
			remoteGlobalIDString = B03D708D2BCCFE9900EF97CD;
			remoteInfo = ble_hub;
		};
		B03D70AA2BCCFE9A00EF97CD /* PBXContainerItemProxy */ = {
			isa = PBXContainerItemProxy;
			containerPortal = B03D70862BCCFE9900EF97CD /* Project object */;
			proxyType = 1;
			remoteGlobalIDString = B03D708D2BCCFE9900EF97CD;
			remoteInfo = ble_hub;
		};
/* End PBXContainerItemProxy section */

/* Begin PBXFileReference section */
		B03D708E2BCCFE9900EF97CD /* ble_hub.app */ = {isa = PBXFileReference; explicitFileType = wrapper.application; includeInIndex = 0; path = ble_hub.app; sourceTree = BUILT_PRODUCTS_DIR; };
		B03D70912BCCFE9900EF97CD /* ble_hubApp.swift */ = {isa = PBXFileReference; lastKnownFileType = sourcecode.swift; path = ble_hubApp.swift; sourceTree = "<group>"; };
		B03D70932BCCFE9900EF97CD /* ContentView.swift */ = {isa = PBXFileReference; lastKnownFileType = sourcecode.swift; path = ContentView.swift; sourceTree = "<group>"; };
		B03D70952BCCFE9A00EF97CD /* Assets.xcassets */ = {isa = PBXFileReference; lastKnownFileType = folder.assetcatalog; path = Assets.xcassets; sourceTree = "<group>"; };
		B03D70982BCCFE9A00EF97CD /* Preview Assets.xcassets */ = {isa = PBXFileReference; lastKnownFileType = folder.assetcatalog; path = "Preview Assets.xcassets"; sourceTree = "<group>"; };
		B03D709A2BCCFE9A00EF97CD /* ble_hub.entitlements */ = {isa = PBXFileReference; lastKnownFileType = text.plist.entitlements; path = ble_hub.entitlements; sourceTree = "<group>"; };
		B03D709F2BCCFE9A00EF97CD /* ble_hubTests.xctest */ = {isa = PBXFileReference; explicitFileType = wrapper.cfbundle; includeInIndex = 0; path = ble_hubTests.xctest; sourceTree = BUILT_PRODUCTS_DIR; };
		B03D70A32BCCFE9A00EF97CD /* ble_hubTests.swift */ = {isa = PBXFileReference; lastKnownFileType = sourcecode.swift; path = ble_hubTests.swift; sourceTree = "<group>"; };
		B03D70A92BCCFE9A00EF97CD /* ble_hubUITests.xctest */ = {isa = PBXFileReference; explicitFileType = wrapper.cfbundle; includeInIndex = 0; path = ble_hubUITests.xctest; sourceTree = BUILT_PRODUCTS_DIR; };
		B03D70AD2BCCFE9A00EF97CD /* ble_hubUITests.swift */ = {isa = PBXFileReference; lastKnownFileType = sourcecode.swift; path = ble_hubUITests.swift; sourceTree = "<group>"; };
		B03D70AF2BCCFE9A00EF97CD /* ble_hubUITestsLaunchTests.swift */ = {isa = PBXFileReference; lastKnownFileType = sourcecode.swift; path = ble_hubUITestsLaunchTests.swift; sourceTree = "<group>"; };
		B03D70BD2BCCFEA600EF97CD /* CoreBluetooth.framework */ = {isa = PBXFileReference; lastKnownFileType = wrapper.framework; name = CoreBluetooth.framework; path = System/Library/Frameworks/CoreBluetooth.framework; sourceTree = SDKROOT; };
		B03D70C12BCD007400EF97CD /* ble-hub-Info.plist */ = {isa = PBXFileReference; lastKnownFileType = text.plist; path = "ble-hub-Info.plist"; sourceTree = SOURCE_ROOT; };
		B03D70C22BCD026E00EF97CD /* BluetoothManager.swift */ = {isa = PBXFileReference; lastKnownFileType = sourcecode.swift; path = BluetoothManager.swift; sourceTree = "<group>"; };
		B08461FB2BD53B220046A84B /* UrlHandler.swift */ = {isa = PBXFileReference; lastKnownFileType = sourcecode.swift; path = UrlHandler.swift; sourceTree = "<group>"; };
/* End PBXFileReference section */

/* Begin PBXFrameworksBuildPhase section */
		B03D708B2BCCFE9900EF97CD /* Frameworks */ = {
			isa = PBXFrameworksBuildPhase;
			buildActionMask = 2147483647;
			files = (
				B03D70BE2BCCFEA600EF97CD /* CoreBluetooth.framework in Frameworks */,
			);
			runOnlyForDeploymentPostprocessing = 0;
		};
		B03D709C2BCCFE9A00EF97CD /* Frameworks */ = {
			isa = PBXFrameworksBuildPhase;
			buildActionMask = 2147483647;
			files = (
			);
			runOnlyForDeploymentPostprocessing = 0;
		};
		B03D70A62BCCFE9A00EF97CD /* Frameworks */ = {
			isa = PBXFrameworksBuildPhase;
			buildActionMask = 2147483647;
			files = (
			);
			runOnlyForDeploymentPostprocessing = 0;
		};
/* End PBXFrameworksBuildPhase section */

/* Begin PBXGroup section */
		B03D70852BCCFE9900EF97CD = {
			isa = PBXGroup;
			children = (
				B03D70902BCCFE9900EF97CD /* ble_hub */,
				B03D70A22BCCFE9A00EF97CD /* ble_hubTests */,
				B03D70AC2BCCFE9A00EF97CD /* ble_hubUITests */,
				B03D708F2BCCFE9900EF97CD /* Products */,
				B03D70BC2BCCFEA600EF97CD /* Frameworks */,
			);
			sourceTree = "<group>";
		};
		B03D708F2BCCFE9900EF97CD /* Products */ = {
			isa = PBXGroup;
			children = (
				B03D708E2BCCFE9900EF97CD /* ble_hub.app */,
				B03D709F2BCCFE9A00EF97CD /* ble_hubTests.xctest */,
				B03D70A92BCCFE9A00EF97CD /* ble_hubUITests.xctest */,
			);
			name = Products;
			sourceTree = "<group>";
		};
		B03D70902BCCFE9900EF97CD /* ble_hub */ = {
			isa = PBXGroup;
			children = (
				B03D70C12BCD007400EF97CD /* ble-hub-Info.plist */,
				B03D70912BCCFE9900EF97CD /* ble_hubApp.swift */,
				B03D70932BCCFE9900EF97CD /* ContentView.swift */,
				B03D70952BCCFE9A00EF97CD /* Assets.xcassets */,
				B03D709A2BCCFE9A00EF97CD /* ble_hub.entitlements */,
				B03D70972BCCFE9A00EF97CD /* Preview Content */,
				B03D70C22BCD026E00EF97CD /* BluetoothManager.swift */,
				B08461FB2BD53B220046A84B /* UrlHandler.swift */,
			);
			path = ble_hub;
			sourceTree = "<group>";
		};
		B03D70972BCCFE9A00EF97CD /* Preview Content */ = {
			isa = PBXGroup;
			children = (
				B03D70982BCCFE9A00EF97CD /* Preview Assets.xcassets */,
			);
			path = "Preview Content";
			sourceTree = "<group>";
		};
		B03D70A22BCCFE9A00EF97CD /* ble_hubTests */ = {
			isa = PBXGroup;
			children = (
				B03D70A32BCCFE9A00EF97CD /* ble_hubTests.swift */,
			);
			path = ble_hubTests;
			sourceTree = "<group>";
		};
		B03D70AC2BCCFE9A00EF97CD /* ble_hubUITests */ = {
			isa = PBXGroup;
			children = (
				B03D70AD2BCCFE9A00EF97CD /* ble_hubUITests.swift */,
				B03D70AF2BCCFE9A00EF97CD /* ble_hubUITestsLaunchTests.swift */,
			);
			path = ble_hubUITests;
			sourceTree = "<group>";
		};
		B03D70BC2BCCFEA600EF97CD /* Frameworks */ = {
			isa = PBXGroup;
			children = (
				B03D70BD2BCCFEA600EF97CD /* CoreBluetooth.framework */,
			);
			name = Frameworks;
			sourceTree = "<group>";
		};
/* End PBXGroup section */

/* Begin PBXNativeTarget section */
		B03D708D2BCCFE9900EF97CD /* ble_hub */ = {
			isa = PBXNativeTarget;
			buildConfigurationList = B03D70B32BCCFE9A00EF97CD /* Build configuration list for PBXNativeTarget "ble_hub" */;
			buildPhases = (
				B03D708A2BCCFE9900EF97CD /* Sources */,
				B03D708B2BCCFE9900EF97CD /* Frameworks */,
				B03D708C2BCCFE9900EF97CD /* Resources */,
			);
			buildRules = (
			);
			dependencies = (
			);
			name = ble_hub;
			productName = ble_hub;
			productReference = B03D708E2BCCFE9900EF97CD /* ble_hub.app */;
			productType = "com.apple.product-type.application";
		};
		B03D709E2BCCFE9A00EF97CD /* ble_hubTests */ = {
			isa = PBXNativeTarget;
			buildConfigurationList = B03D70B62BCCFE9A00EF97CD /* Build configuration list for PBXNativeTarget "ble_hubTests" */;
			buildPhases = (
				B03D709B2BCCFE9A00EF97CD /* Sources */,
				B03D709C2BCCFE9A00EF97CD /* Frameworks */,
				B03D709D2BCCFE9A00EF97CD /* Resources */,
			);
			buildRules = (
			);
			dependencies = (
				B03D70A12BCCFE9A00EF97CD /* PBXTargetDependency */,
			);
			name = ble_hubTests;
			productName = ble_hubTests;
			productReference = B03D709F2BCCFE9A00EF97CD /* ble_hubTests.xctest */;
			productType = "com.apple.product-type.bundle.unit-test";
		};
		B03D70A82BCCFE9A00EF97CD /* ble_hubUITests */ = {
			isa = PBXNativeTarget;
			buildConfigurationList = B03D70B92BCCFE9A00EF97CD /* Build configuration list for PBXNativeTarget "ble_hubUITests" */;
			buildPhases = (
				B03D70A52BCCFE9A00EF97CD /* Sources */,
				B03D70A62BCCFE9A00EF97CD /* Frameworks */,
				B03D70A72BCCFE9A00EF97CD /* Resources */,
			);
			buildRules = (
			);
			dependencies = (
				B03D70AB2BCCFE9A00EF97CD /* PBXTargetDependency */,
			);
			name = ble_hubUITests;
			productName = ble_hubUITests;
			productReference = B03D70A92BCCFE9A00EF97CD /* ble_hubUITests.xctest */;
			productType = "com.apple.product-type.bundle.ui-testing";
		};
/* End PBXNativeTarget section */

/* Begin PBXProject section */
		B03D70862BCCFE9900EF97CD /* Project object */ = {
			isa = PBXProject;
			attributes = {
				BuildIndependentTargetsInParallel = 1;
				LastSwiftUpdateCheck = 1530;
				LastUpgradeCheck = 1530;
				TargetAttributes = {
					B03D708D2BCCFE9900EF97CD = {
						CreatedOnToolsVersion = 15.3;
					};
					B03D709E2BCCFE9A00EF97CD = {
						CreatedOnToolsVersion = 15.3;
						TestTargetID = B03D708D2BCCFE9900EF97CD;
					};
					B03D70A82BCCFE9A00EF97CD = {
						CreatedOnToolsVersion = 15.3;
						TestTargetID = B03D708D2BCCFE9900EF97CD;
					};
				};
			};
			buildConfigurationList = B03D70892BCCFE9900EF97CD /* Build configuration list for PBXProject "ble_hub" */;
			compatibilityVersion = "Xcode 14.0";
			developmentRegion = en;
			hasScannedForEncodings = 0;
			knownRegions = (
				en,
				Base,
			);
			mainGroup = B03D70852BCCFE9900EF97CD;
			productRefGroup = B03D708F2BCCFE9900EF97CD /* Products */;
			projectDirPath = "";
			projectRoot = "";
			targets = (
				B03D708D2BCCFE9900EF97CD /* ble_hub */,
				B03D709E2BCCFE9A00EF97CD /* ble_hubTests */,
				B03D70A82BCCFE9A00EF97CD /* ble_hubUITests */,
			);
		};
/* End PBXProject section */

/* Begin PBXResourcesBuildPhase section */
		B03D708C2BCCFE9900EF97CD /* Resources */ = {
			isa = PBXResourcesBuildPhase;
			buildActionMask = 2147483647;
			files = (
				B03D70992BCCFE9A00EF97CD /* Preview Assets.xcassets in Resources */,
				B03D70962BCCFE9A00EF97CD /* Assets.xcassets in Resources */,
			);
			runOnlyForDeploymentPostprocessing = 0;
		};
		B03D709D2BCCFE9A00EF97CD /* Resources */ = {
			isa = PBXResourcesBuildPhase;
			buildActionMask = 2147483647;
			files = (
			);
			runOnlyForDeploymentPostprocessing = 0;
		};
		B03D70A72BCCFE9A00EF97CD /* Resources */ = {
			isa = PBXResourcesBuildPhase;
			buildActionMask = 2147483647;
			files = (
			);
			runOnlyForDeploymentPostprocessing = 0;
		};
/* End PBXResourcesBuildPhase section */

/* Begin PBXSourcesBuildPhase section */
		B03D708A2BCCFE9900EF97CD /* Sources */ = {
			isa = PBXSourcesBuildPhase;
			buildActionMask = 2147483647;
			files = (
				B08461FC2BD53B220046A84B /* UrlHandler.swift in Sources */,
				B03D70942BCCFE9900EF97CD /* ContentView.swift in Sources */,
				B03D70C32BCD026E00EF97CD /* BluetoothManager.swift in Sources */,
				B03D70922BCCFE9900EF97CD /* ble_hubApp.swift in Sources */,
			);
			runOnlyForDeploymentPostprocessing = 0;
		};
		B03D709B2BCCFE9A00EF97CD /* Sources */ = {
			isa = PBXSourcesBuildPhase;
			buildActionMask = 2147483647;
			files = (
				B03D70A42BCCFE9A00EF97CD /* ble_hubTests.swift in Sources */,
			);
			runOnlyForDeploymentPostprocessing = 0;
		};
		B03D70A52BCCFE9A00EF97CD /* Sources */ = {
			isa = PBXSourcesBuildPhase;
			buildActionMask = 2147483647;
			files = (
				B03D70B02BCCFE9A00EF97CD /* ble_hubUITestsLaunchTests.swift in Sources */,
				B03D70AE2BCCFE9A00EF97CD /* ble_hubUITests.swift in Sources */,
			);
			runOnlyForDeploymentPostprocessing = 0;
		};
/* End PBXSourcesBuildPhase section */

/* Begin PBXTargetDependency section */
		B03D70A12BCCFE9A00EF97CD /* PBXTargetDependency */ = {
			isa = PBXTargetDependency;
			target = B03D708D2BCCFE9900EF97CD /* ble_hub */;
			targetProxy = B03D70A02BCCFE9A00EF97CD /* PBXContainerItemProxy */;
		};
		B03D70AB2BCCFE9A00EF97CD /* PBXTargetDependency */ = {
			isa = PBXTargetDependency;
			target = B03D708D2BCCFE9900EF97CD /* ble_hub */;
			targetProxy = B03D70AA2BCCFE9A00EF97CD /* PBXContainerItemProxy */;
		};
/* End PBXTargetDependency section */

/* Begin XCBuildConfiguration section */
		B03D70B12BCCFE9A00EF97CD /* Debug */ = {
			isa = XCBuildConfiguration;
			buildSettings = {
				ALWAYS_SEARCH_USER_PATHS = NO;
				ASSETCATALOG_COMPILER_GENERATE_SWIFT_ASSET_SYMBOL_EXTENSIONS = YES;
				CLANG_ANALYZER_NONNULL = YES;
				CLANG_ANALYZER_NUMBER_OBJECT_CONVERSION = YES_AGGRESSIVE;
				CLANG_CXX_LANGUAGE_STANDARD = "gnu++20";
				CLANG_ENABLE_MODULES = YES;
				CLANG_ENABLE_OBJC_ARC = YES;
				CLANG_ENABLE_OBJC_WEAK = YES;
				CLANG_WARN_BLOCK_CAPTURE_AUTORELEASING = YES;
				CLANG_WARN_BOOL_CONVERSION = YES;
				CLANG_WARN_COMMA = YES;
				CLANG_WARN_CONSTANT_CONVERSION = YES;
				CLANG_WARN_DEPRECATED_OBJC_IMPLEMENTATIONS = YES;
				CLANG_WARN_DIRECT_OBJC_ISA_USAGE = YES_ERROR;
				CLANG_WARN_DOCUMENTATION_COMMENTS = YES;
				CLANG_WARN_EMPTY_BODY = YES;
				CLANG_WARN_ENUM_CONVERSION = YES;
				CLANG_WARN_INFINITE_RECURSION = YES;
				CLANG_WARN_INT_CONVERSION = YES;
				CLANG_WARN_NON_LITERAL_NULL_CONVERSION = YES;
				CLANG_WARN_OBJC_IMPLICIT_RETAIN_SELF = YES;
				CLANG_WARN_OBJC_LITERAL_CONVERSION = YES;
				CLANG_WARN_OBJC_ROOT_CLASS = YES_ERROR;
				CLANG_WARN_QUOTED_INCLUDE_IN_FRAMEWORK_HEADER = YES;
				CLANG_WARN_RANGE_LOOP_ANALYSIS = YES;
				CLANG_WARN_STRICT_PROTOTYPES = YES;
				CLANG_WARN_SUSPICIOUS_MOVE = YES;
				CLANG_WARN_UNGUARDED_AVAILABILITY = YES_AGGRESSIVE;
				CLANG_WARN_UNREACHABLE_CODE = YES;
				CLANG_WARN__DUPLICATE_METHOD_MATCH = YES;
				COPY_PHASE_STRIP = NO;
				DEBUG_INFORMATION_FORMAT = dwarf;
				ENABLE_STRICT_OBJC_MSGSEND = YES;
				ENABLE_TESTABILITY = YES;
				ENABLE_USER_SCRIPT_SANDBOXING = YES;
				GCC_C_LANGUAGE_STANDARD = gnu17;
				GCC_DYNAMIC_NO_PIC = NO;
				GCC_NO_COMMON_BLOCKS = YES;
				GCC_OPTIMIZATION_LEVEL = 0;
				GCC_PREPROCESSOR_DEFINITIONS = (
					"DEBUG=1",
					"$(inherited)",
				);
				GCC_WARN_64_TO_32_BIT_CONVERSION = YES;
				GCC_WARN_ABOUT_RETURN_TYPE = YES_ERROR;
				GCC_WARN_UNDECLARED_SELECTOR = YES;
				GCC_WARN_UNINITIALIZED_AUTOS = YES_AGGRESSIVE;
				GCC_WARN_UNUSED_FUNCTION = YES;
				GCC_WARN_UNUSED_VARIABLE = YES;
				LOCALIZATION_PREFERS_STRING_CATALOGS = YES;
				MACOSX_DEPLOYMENT_TARGET = 14.3;
				MTL_ENABLE_DEBUG_INFO = INCLUDE_SOURCE;
				MTL_FAST_MATH = YES;
				ONLY_ACTIVE_ARCH = YES;
				SDKROOT = macosx;
				SWIFT_ACTIVE_COMPILATION_CONDITIONS = "DEBUG $(inherited)";
				SWIFT_OPTIMIZATION_LEVEL = "-Onone";
			};
			name = Debug;
		};
		B03D70B22BCCFE9A00EF97CD /* Release */ = {
			isa = XCBuildConfiguration;
			buildSettings = {
				ALWAYS_SEARCH_USER_PATHS = NO;
				ASSETCATALOG_COMPILER_GENERATE_SWIFT_ASSET_SYMBOL_EXTENSIONS = YES;
				CLANG_ANALYZER_NONNULL = YES;
				CLANG_ANALYZER_NUMBER_OBJECT_CONVERSION = YES_AGGRESSIVE;
				CLANG_CXX_LANGUAGE_STANDARD = "gnu++20";
				CLANG_ENABLE_MODULES = YES;
				CLANG_ENABLE_OBJC_ARC = YES;
				CLANG_ENABLE_OBJC_WEAK = YES;
				CLANG_WARN_BLOCK_CAPTURE_AUTORELEASING = YES;
				CLANG_WARN_BOOL_CONVERSION = YES;
				CLANG_WARN_COMMA = YES;
				CLANG_WARN_CONSTANT_CONVERSION = YES;
				CLANG_WARN_DEPRECATED_OBJC_IMPLEMENTATIONS = YES;
				CLANG_WARN_DIRECT_OBJC_ISA_USAGE = YES_ERROR;
				CLANG_WARN_DOCUMENTATION_COMMENTS = YES;
				CLANG_WARN_EMPTY_BODY = YES;
				CLANG_WARN_ENUM_CONVERSION = YES;
				CLANG_WARN_INFINITE_RECURSION = YES;
				CLANG_WARN_INT_CONVERSION = YES;
				CLANG_WARN_NON_LITERAL_NULL_CONVERSION = YES;
				CLANG_WARN_OBJC_IMPLICIT_RETAIN_SELF = YES;
				CLANG_WARN_OBJC_LITERAL_CONVERSION = YES;
				CLANG_WARN_OBJC_ROOT_CLASS = YES_ERROR;
				CLANG_WARN_QUOTED_INCLUDE_IN_FRAMEWORK_HEADER = YES;
				CLANG_WARN_RANGE_LOOP_ANALYSIS = YES;
				CLANG_WARN_STRICT_PROTOTYPES = YES;
				CLANG_WARN_SUSPICIOUS_MOVE = YES;
				CLANG_WARN_UNGUARDED_AVAILABILITY = YES_AGGRESSIVE;
				CLANG_WARN_UNREACHABLE_CODE = YES;
				CLANG_WARN__DUPLICATE_METHOD_MATCH = YES;
				COPY_PHASE_STRIP = NO;
				DEBUG_INFORMATION_FORMAT = "dwarf-with-dsym";
				ENABLE_NS_ASSERTIONS = NO;
				ENABLE_STRICT_OBJC_MSGSEND = YES;
				ENABLE_USER_SCRIPT_SANDBOXING = YES;
				GCC_C_LANGUAGE_STANDARD = gnu17;
				GCC_NO_COMMON_BLOCKS = YES;
				GCC_WARN_64_TO_32_BIT_CONVERSION = YES;
				GCC_WARN_ABOUT_RETURN_TYPE = YES_ERROR;
				GCC_WARN_UNDECLARED_SELECTOR = YES;
				GCC_WARN_UNINITIALIZED_AUTOS = YES_AGGRESSIVE;
				GCC_WARN_UNUSED_FUNCTION = YES;
				GCC_WARN_UNUSED_VARIABLE = YES;
				LOCALIZATION_PREFERS_STRING_CATALOGS = YES;
				MACOSX_DEPLOYMENT_TARGET = 14.3;
				MTL_ENABLE_DEBUG_INFO = NO;
				MTL_FAST_MATH = YES;
				SDKROOT = macosx;
				SWIFT_COMPILATION_MODE = wholemodule;
			};
			name = Release;
		};
		B03D70B42BCCFE9A00EF97CD /* Debug */ = {
			isa = XCBuildConfiguration;
			buildSettings = {
				ASSETCATALOG_COMPILER_APPICON_NAME = AppIcon;
				ASSETCATALOG_COMPILER_GLOBAL_ACCENT_COLOR_NAME = AccentColor;
				CODE_SIGN_ENTITLEMENTS = ble_hub/ble_hub.entitlements;
				CODE_SIGN_STYLE = Automatic;
				COMBINE_HIDPI_IMAGES = YES;
				CURRENT_PROJECT_VERSION = 1;
				DEVELOPMENT_ASSET_PATHS = "\"ble_hub/Preview Content\"";
				ENABLE_PREVIEWS = YES;
				GENERATE_INFOPLIST_FILE = YES;
				INFOPLIST_FILE = "ble-hub-Info.plist";
				INFOPLIST_KEY_NSBluetoothAlwaysUsageDescription = "This app uses BLE to connect to the switch controller.";
				INFOPLIST_KEY_NSHumanReadableCopyright = "";
				LD_RUNPATH_SEARCH_PATHS = (
					"$(inherited)",
					"@executable_path/../Frameworks",
				);
				MARKETING_VERSION = 1.0;
				PRODUCT_BUNDLE_IDENTIFIER = "cs5272.ble-hub";
				PRODUCT_NAME = "$(TARGET_NAME)";
				SWIFT_EMIT_LOC_STRINGS = YES;
				SWIFT_VERSION = 5.0;
			};
			name = Debug;
		};
		B03D70B52BCCFE9A00EF97CD /* Release */ = {
			isa = XCBuildConfiguration;
			buildSettings = {
				ASSETCATALOG_COMPILER_APPICON_NAME = AppIcon;
				ASSETCATALOG_COMPILER_GLOBAL_ACCENT_COLOR_NAME = AccentColor;
				CODE_SIGN_ENTITLEMENTS = ble_hub/ble_hub.entitlements;
				CODE_SIGN_STYLE = Automatic;
				COMBINE_HIDPI_IMAGES = YES;
				CURRENT_PROJECT_VERSION = 1;
				DEVELOPMENT_ASSET_PATHS = "\"ble_hub/Preview Content\"";
				ENABLE_PREVIEWS = YES;
				GENERATE_INFOPLIST_FILE = YES;
				INFOPLIST_FILE = "ble-hub-Info.plist";
				INFOPLIST_KEY_NSBluetoothAlwaysUsageDescription = "This app uses BLE to connect to the switch controller.";
				INFOPLIST_KEY_NSHumanReadableCopyright = "";
				LD_RUNPATH_SEARCH_PATHS = (
					"$(inherited)",
					"@executable_path/../Frameworks",
				);
				MARKETING_VERSION = 1.0;
				PRODUCT_BUNDLE_IDENTIFIER = "cs5272.ble-hub";
				PRODUCT_NAME = "$(TARGET_NAME)";
				SWIFT_EMIT_LOC_STRINGS = YES;
				SWIFT_VERSION = 5.0;
			};
			name = Release;
		};
		B03D70B72BCCFE9A00EF97CD /* Debug */ = {
			isa = XCBuildConfiguration;
			buildSettings = {
				ALWAYS_EMBED_SWIFT_STANDARD_LIBRARIES = YES;
				BUNDLE_LOADER = "$(TEST_HOST)";
				CODE_SIGN_STYLE = Automatic;
				CURRENT_PROJECT_VERSION = 1;
				GENERATE_INFOPLIST_FILE = YES;
				MACOSX_DEPLOYMENT_TARGET = 14.3;
				MARKETING_VERSION = 1.0;
				PRODUCT_BUNDLE_IDENTIFIER = "cs5272.ble-hubTests";
				PRODUCT_NAME = "$(TARGET_NAME)";
				SWIFT_EMIT_LOC_STRINGS = NO;
				SWIFT_VERSION = 5.0;
				TEST_HOST = "$(BUILT_PRODUCTS_DIR)/ble_hub.app/$(BUNDLE_EXECUTABLE_FOLDER_PATH)/ble_hub";
			};
			name = Debug;
		};
		B03D70B82BCCFE9A00EF97CD /* Release */ = {
			isa = XCBuildConfiguration;
			buildSettings = {
				ALWAYS_EMBED_SWIFT_STANDARD_LIBRARIES = YES;
				BUNDLE_LOADER = "$(TEST_HOST)";
				CODE_SIGN_STYLE = Automatic;
				CURRENT_PROJECT_VERSION = 1;
				GENERATE_INFOPLIST_FILE = YES;
				MACOSX_DEPLOYMENT_TARGET = 14.3;
				MARKETING_VERSION = 1.0;
				PRODUCT_BUNDLE_IDENTIFIER = "cs5272.ble-hubTests";
				PRODUCT_NAME = "$(TARGET_NAME)";
				SWIFT_EMIT_LOC_STRINGS = NO;
				SWIFT_VERSION = 5.0;
				TEST_HOST = "$(BUILT_PRODUCTS_DIR)/ble_hub.app/$(BUNDLE_EXECUTABLE_FOLDER_PATH)/ble_hub";
			};
			name = Release;
		};
		B03D70BA2BCCFE9A00EF97CD /* Debug */ = {
			isa = XCBuildConfiguration;
			buildSettings = {
				ALWAYS_EMBED_SWIFT_STANDARD_LIBRARIES = YES;
				CODE_SIGN_STYLE = Automatic;
				CURRENT_PROJECT_VERSION = 1;
				GENERATE_INFOPLIST_FILE = YES;
				MARKETING_VERSION = 1.0;
				PRODUCT_BUNDLE_IDENTIFIER = "cs5272.ble-hubUITests";
				PRODUCT_NAME = "$(TARGET_NAME)";
				SWIFT_EMIT_LOC_STRINGS = NO;
				SWIFT_VERSION = 5.0;
				TEST_TARGET_NAME = ble_hub;
			};
			name = Debug;
		};
		B03D70BB2BCCFE9A00EF97CD /* Release */ = {
			isa = XCBuildConfiguration;
			buildSettings = {
				ALWAYS_EMBED_SWIFT_STANDARD_LIBRARIES = YES;
				CODE_SIGN_STYLE = Automatic;
				CURRENT_PROJECT_VERSION = 1;
				GENERATE_INFOPLIST_FILE = YES;
				MARKETING_VERSION = 1.0;
				PRODUCT_BUNDLE_IDENTIFIER = "cs5272.ble-hubUITests";
				PRODUCT_NAME = "$(TARGET_NAME)";
				SWIFT_EMIT_LOC_STRINGS = NO;
				SWIFT_VERSION = 5.0;
				TEST_TARGET_NAME = ble_hub;
			};
			name = Release;
		};
/* End XCBuildConfiguration section */

/* Begin XCConfigurationList section */
		B03D70892BCCFE9900EF97CD /* Build configuration list for PBXProject "ble_hub" */ = {
			isa = XCConfigurationList;
			buildConfigurations = (
				B03D70B12BCCFE9A00EF97CD /* Debug */,
				B03D70B22BCCFE9A00EF97CD /* Release */,
			);
			defaultConfigurationIsVisible = 0;
			defaultConfigurationName = Release;
		};
		B03D70B32BCCFE9A00EF97CD /* Build configuration list for PBXNativeTarget "ble_hub" */ = {
			isa = XCConfigurationList;
			buildConfigurations = (
				B03D70B42BCCFE9A00EF97CD /* Debug */,
				B03D70B52BCCFE9A00EF97CD /* Release */,
			);
			defaultConfigurationIsVisible = 0;
			defaultConfigurationName = Release;
		};
		B03D70B62BCCFE9A00EF97CD /* Build configuration list for PBXNativeTarget "ble_hubTests" */ = {
			isa = XCConfigurationList;
			buildConfigurations = (
				B03D70B72BCCFE9A00EF97CD /* Debug */,
				B03D70B82BCCFE9A00EF97CD /* Release */,
			);
			defaultConfigurationIsVisible = 0;
			defaultConfigurationName = Release;
		};
		B03D70B92BCCFE9A00EF97CD /* Build configuration list for PBXNativeTarget "ble_hubUITests" */ = {
			isa = XCConfigurationList;
			buildConfigurations = (
				B03D70BA2BCCFE9A00EF97CD /* Debug */,
				B03D70BB2BCCFE9A00EF97CD /* Release */,
			);
			defaultConfigurationIsVisible = 0;
			defaultConfigurationName = Release;
		};
/* End XCConfigurationList section */
	};
	rootObject = B03D70862BCCFE9900EF97CD /* Project object */;
}
